
Microsoft Visual Studio Solution File, Format Version 12.00
# Visual Studio 15
VisualStudioVersion = 15.0.26730.16
MinimumVisualStudioVersion = 10.0.40219.1
Project("{FAE04EC0-301F-11D3-BF4B-00C04F79EFBC}") = "first_steps", "first_steps\first_steps.csproj", "{C550F6E8-08A9-477D-A9B1-1137E8C95BAB}"
EndProject
Global
	GlobalSection(SolutionConfigurationPlatforms) = preSolution
		Debug|Any CPU = Debug|Any CPU
		Release|Any CPU = Release|Any CPU
	EndGlobalSection
	GlobalSection(ProjectConfigurationPlatforms) = postSolution
		{C550F6E8-08A9-477D-A9B1-1137E8C95BAB}.Debug|Any CPU.ActiveCfg = Debug|Any CPU
		{C550F6E8-08A9-477D-A9B1-1137E8C95BAB}.Debug|Any CPU.Build.0 = Debug|Any CPU
		{C550F6E8-08A9-477D-A9B1-1137E8C95BAB}.Release|Any CPU.ActiveCfg = Release|Any CPU
		{C550F6E8-08A9-477D-A9B1-1137E8C95BAB}.Release|Any CPU.Build.0 = Release|Any CPU
	EndGlobalSection
	GlobalSection(SolutionProperties) = preSolution
		HideSolutionNode = FALSE
	EndGlobalSection
	GlobalSection(ExtensibilityGlobals) = postSolution
		SolutionGuid = {5999F3C9-D3D7-48DA-B9AA-C91F5CCBAC68}
	EndGlobalSection
EndGlobal
